// !$*UTF8*$!
{
	archiveVersion = 1;
	classes = {
	};
	objectVersion = 46;
	objects = {

/* Begin PBXBuildFile section */
		A9A3DEF7171D708B00F8B057 /* YGViewController.m in Sources */ = {isa = PBXBuildFile; fileRef = A9A3DEF5171D708B00F8B057 /* YGViewController.m */; };
		A9A3DEF8171D708B00F8B057 /* YGViewController.xib in Resources */ = {isa = PBXBuildFile; fileRef = A9A3DEF6171D708B00F8B057 /* YGViewController.xib */; };
		AB00517D155886BC001B57B6 /* wheelButton.png in Resources */ = {isa = PBXBuildFile; fileRef = AB00517C155886BC001B57B6 /* wheelButton.png */; };
		AB00518015588CEF001B57B6 /* wheelButton@2x.png in Resources */ = {isa = PBXBuildFile; fileRef = AB00517F15588CEF001B57B6 /* wheelButton@2x.png */; };
		AB0051821558B2C2001B57B6 /* wheel@2x.png in Resources */ = {isa = PBXBuildFile; fileRef = AB0051811558B2C2001B57B6 /* wheel@2x.png */; };
		AB3CE3CC151802A300D49806 /* UIKit.framework in Frameworks */ = {isa = PBXBuildFile; fileRef = AB3CE3CB151802A300D49806 /* UIKit.framework */; };
		AB3CE3CE151802A300D49806 /* Foundation.framework in Frameworks */ = {isa = PBXBuildFile; fileRef = AB3CE3CD151802A300D49806 /* Foundation.framework */; };
		AB3CE3D0151802A300D49806 /* CoreGraphics.framework in Frameworks */ = {isa = PBXBuildFile; fileRef = AB3CE3CF151802A300D49806 /* CoreGraphics.framework */; };
		AB3CE3D6151802A300D49806 /* InfoPlist.strings in Resources */ = {isa = PBXBuildFile; fileRef = AB3CE3D4151802A300D49806 /* InfoPlist.strings */; };
		AB3CE3D8151802A300D49806 /* main.m in Sources */ = {isa = PBXBuildFile; fileRef = AB3CE3D7151802A300D49806 /* main.m */; };
		AB3CE3DC151802A300D49806 /* JHAppDelegate.m in Sources */ = {isa = PBXBuildFile; fileRef = AB3CE3DB151802A300D49806 /* JHAppDelegate.m */; };
		AB3CE3DF151802A300D49806 /* JHViewController.m in Sources */ = {isa = PBXBuildFile; fileRef = AB3CE3DE151802A300D49806 /* JHViewController.m */; };
		AB3CE3E2151802A300D49806 /* JHViewController.xib in Resources */ = {isa = PBXBuildFile; fileRef = AB3CE3E0151802A300D49806 /* JHViewController.xib */; };
		AB3CE3EA1518061500D49806 /* JHRotaryWheel.m in Sources */ = {isa = PBXBuildFile; fileRef = AB3CE3E91518061500D49806 /* JHRotaryWheel.m */; };
		AB3CE3ED1518098F00D49806 /* QuartzCore.framework in Frameworks */ = {isa = PBXBuildFile; fileRef = AB3CE3EC1518098F00D49806 /* QuartzCore.framework */; };
		AB47A5F3156D7FAD0073343F /* background.png in Resources */ = {isa = PBXBuildFile; fileRef = AB47A5F1156D7FAD0073343F /* background.png */; };
		AB47A5F4156D7FAD0073343F /* background@2x.png in Resources */ = {isa = PBXBuildFile; fileRef = AB47A5F2156D7FAD0073343F /* background@2x.png */; };
		AB561A9D1569E72F00BA8CC3 /* Icon-72.png in Resources */ = {isa = PBXBuildFile; fileRef = AB561A971569E72F00BA8CC3 /* Icon-72.png */; };
		AB561A9E1569E72F00BA8CC3 /* Icon-Small-50.png in Resources */ = {isa = PBXBuildFile; fileRef = AB561A981569E72F00BA8CC3 /* Icon-Small-50.png */; };
		AB561A9F1569E72F00BA8CC3 /* Icon-Small.png in Resources */ = {isa = PBXBuildFile; fileRef = AB561A991569E72F00BA8CC3 /* Icon-Small.png */; };
		AB561AA01569E72F00BA8CC3 /* Icon-Small@2x.png in Resources */ = {isa = PBXBuildFile; fileRef = AB561A9A1569E72F00BA8CC3 /* Icon-Small@2x.png */; };
		AB561AA11569E72F00BA8CC3 /* Icon.png in Resources */ = {isa = PBXBuildFile; fileRef = AB561A9B1569E72F00BA8CC3 /* Icon.png */; };
		AB561AA21569E72F00BA8CC3 /* Icon@2x.png in Resources */ = {isa = PBXBuildFile; fileRef = AB561A9C1569E72F00BA8CC3 /* Icon@2x.png */; };
		AB9EEEF51569E31700481D90 /* default.png in Resources */ = {isa = PBXBuildFile; fileRef = AB9EEEF41569E31700481D90 /* default.png */; };
		AB9EEEF81569E33B00481D90 /* default@2x.png in Resources */ = {isa = PBXBuildFile; fileRef = AB9EEEF71569E33B00481D90 /* default@2x.png */; };
		ABD826371533803A009733C7 /* wheel.png in Resources */ = {isa = PBXBuildFile; fileRef = ABD826361533803A009733C7 /* wheel.png */; };
/* End PBXBuildFile section */

/* Begin PBXFileReference section */
		A9A3DEF4171D708B00F8B057 /* YGViewController.h */ = {isa = PBXFileReference; fileEncoding = 4; lastKnownFileType = sourcecode.c.h; path = YGViewController.h; sourceTree = "<group>"; };
		A9A3DEF5171D708B00F8B057 /* YGViewController.m */ = {isa = PBXFileReference; fileEncoding = 4; lastKnownFileType = sourcecode.c.objc; path = YGViewController.m; sourceTree = "<group>"; };
		A9A3DEF6171D708B00F8B057 /* YGViewController.xib */ = {isa = PBXFileReference; fileEncoding = 4; lastKnownFileType = file.xib; path = YGViewController.xib; sourceTree = "<group>"; };
		AB00517C155886BC001B57B6 /* wheelButton.png */ = {isa = PBXFileReference; lastKnownFileType = image.png; path = wheelButton.png; sourceTree = "<group>"; };
		AB00517F15588CEF001B57B6 /* wheelButton@2x.png */ = {isa = PBXFileReference; lastKnownFileType = image.png; path = "wheelButton@2x.png"; sourceTree = "<group>"; };
		AB0051811558B2C2001B57B6 /* wheel@2x.png */ = {isa = PBXFileReference; lastKnownFileType = image.png; path = "wheel@2x.png"; sourceTree = "<group>"; };
		AB3CE3C7151802A300D49806 /* raDial Timer.app */ = {isa = PBXFileReference; explicitFileType = wrapper.application; includeInIndex = 0; path = "raDial Timer.app"; sourceTree = BUILT_PRODUCTS_DIR; };
		AB3CE3CB151802A300D49806 /* UIKit.framework */ = {isa = PBXFileReference; lastKnownFileType = wrapper.framework; name = UIKit.framework; path = System/Library/Frameworks/UIKit.framework; sourceTree = SDKROOT; };
		AB3CE3CD151802A300D49806 /* Foundation.framework */ = {isa = PBXFileReference; lastKnownFileType = wrapper.framework; name = Foundation.framework; path = System/Library/Frameworks/Foundation.framework; sourceTree = SDKROOT; };
		AB3CE3CF151802A300D49806 /* CoreGraphics.framework */ = {isa = PBXFileReference; lastKnownFileType = wrapper.framework; name = CoreGraphics.framework; path = System/Library/Frameworks/CoreGraphics.framework; sourceTree = SDKROOT; };
		AB3CE3D3151802A300D49806 /* raDial Timer-Info.plist */ = {isa = PBXFileReference; lastKnownFileType = text.plist.xml; path = "raDial Timer-Info.plist"; sourceTree = "<group>"; };
		AB3CE3D5151802A300D49806 /* en */ = {isa = PBXFileReference; lastKnownFileType = text.plist.strings; name = en; path = en.lproj/InfoPlist.strings; sourceTree = "<group>"; };
		AB3CE3D7151802A300D49806 /* main.m */ = {isa = PBXFileReference; lastKnownFileType = sourcecode.c.objc; path = main.m; sourceTree = "<group>"; };
		AB3CE3D9151802A300D49806 /* raDial Timer-Prefix.pch */ = {isa = PBXFileReference; lastKnownFileType = sourcecode.c.h; path = "raDial Timer-Prefix.pch"; sourceTree = "<group>"; };
		AB3CE3DA151802A300D49806 /* JHAppDelegate.h */ = {isa = PBXFileReference; lastKnownFileType = sourcecode.c.h; path = JHAppDelegate.h; sourceTree = "<group>"; };
		AB3CE3DB151802A300D49806 /* JHAppDelegate.m */ = {isa = PBXFileReference; lastKnownFileType = sourcecode.c.objc; path = JHAppDelegate.m; sourceTree = "<group>"; };
		AB3CE3DD151802A300D49806 /* JHViewController.h */ = {isa = PBXFileReference; lastKnownFileType = sourcecode.c.h; path = JHViewController.h; sourceTree = "<group>"; };
		AB3CE3DE151802A300D49806 /* JHViewController.m */ = {isa = PBXFileReference; lastKnownFileType = sourcecode.c.objc; path = JHViewController.m; sourceTree = "<group>"; };
		AB3CE3E1151802A300D49806 /* en */ = {isa = PBXFileReference; lastKnownFileType = file.xib; name = en; path = en.lproj/JHViewController.xib; sourceTree = "<group>"; };
		AB3CE3E81518061500D49806 /* JHRotaryWheel.h */ = {isa = PBXFileReference; fileEncoding = 4; lastKnownFileType = sourcecode.c.h; path = JHRotaryWheel.h; sourceTree = "<group>"; };
		AB3CE3E91518061500D49806 /* JHRotaryWheel.m */ = {isa = PBXFileReference; fileEncoding = 4; lastKnownFileType = sourcecode.c.objc; path = JHRotaryWheel.m; sourceTree = "<group>"; };
		AB3CE3EB1518063900D49806 /* JHRotaryWheelProtocol.h */ = {isa = PBXFileReference; lastKnownFileType = sourcecode.c.h; path = JHRotaryWheelProtocol.h; sourceTree = "<group>"; };
		AB3CE3EC1518098F00D49806 /* QuartzCore.framework */ = {isa = PBXFileReference; lastKnownFileType = wrapper.framework; name = QuartzCore.framework; path = System/Library/Frameworks/QuartzCore.framework; sourceTree = SDKROOT; };
		AB47A5F1156D7FAD0073343F /* background.png */ = {isa = PBXFileReference; lastKnownFileType = image.png; path = background.png; sourceTree = "<group>"; };
		AB47A5F2156D7FAD0073343F /* background@2x.png */ = {isa = PBXFileReference; lastKnownFileType = image.png; path = "background@2x.png"; sourceTree = "<group>"; };
		AB561A971569E72F00BA8CC3 /* Icon-72.png */ = {isa = PBXFileReference; lastKnownFileType = image.png; path = "Icon-72.png"; sourceTree = "<group>"; };
		AB561A981569E72F00BA8CC3 /* Icon-Small-50.png */ = {isa = PBXFileReference; lastKnownFileType = image.png; path = "Icon-Small-50.png"; sourceTree = "<group>"; };
		AB561A991569E72F00BA8CC3 /* Icon-Small.png */ = {isa = PBXFileReference; lastKnownFileType = image.png; path = "Icon-Small.png"; sourceTree = "<group>"; };
		AB561A9A1569E72F00BA8CC3 /* Icon-Small@2x.png */ = {isa = PBXFileReference; lastKnownFileType = image.png; path = "Icon-Small@2x.png"; sourceTree = "<group>"; };
		AB561A9B1569E72F00BA8CC3 /* Icon.png */ = {isa = PBXFileReference; lastKnownFileType = image.png; path = Icon.png; sourceTree = "<group>"; };
		AB561A9C1569E72F00BA8CC3 /* Icon@2x.png */ = {isa = PBXFileReference; lastKnownFileType = image.png; path = "Icon@2x.png"; sourceTree = "<group>"; };
		AB9EEEF41569E31700481D90 /* default.png */ = {isa = PBXFileReference; lastKnownFileType = image.png; path = default.png; sourceTree = "<group>"; };
		AB9EEEF71569E33B00481D90 /* default@2x.png */ = {isa = PBXFileReference; lastKnownFileType = image.png; path = "default@2x.png"; sourceTree = "<group>"; };
		ABD826361533803A009733C7 /* wheel.png */ = {isa = PBXFileReference; lastKnownFileType = image.png; path = wheel.png; sourceTree = "<group>"; };
/* End PBXFileReference section */

/* Begin PBXFrameworksBuildPhase section */
		AB3CE3C4151802A300D49806 /* Frameworks */ = {
			isa = PBXFrameworksBuildPhase;
			buildActionMask = 2147483647;
			files = (
				AB3CE3ED1518098F00D49806 /* QuartzCore.framework in Frameworks */,
				AB3CE3CC151802A300D49806 /* UIKit.framework in Frameworks */,
				AB3CE3CE151802A300D49806 /* Foundation.framework in Frameworks */,
				AB3CE3D0151802A300D49806 /* CoreGraphics.framework in Frameworks */,
			);
			runOnlyForDeploymentPostprocessing = 0;
		};
/* End PBXFrameworksBuildPhase section */

/* Begin PBXGroup section */
		AB3CE3BC151802A200D49806 = {
			isa = PBXGroup;
			children = (
				AB3CE3D1151802A300D49806 /* Timer */,
				ABD826341533801B009733C7 /* Resources */,
				AB3CE3CA151802A300D49806 /* Frameworks */,
				AB3CE3C8151802A300D49806 /* Products */,
			);
			sourceTree = "<group>";
		};
		AB3CE3C8151802A300D49806 /* Products */ = {
			isa = PBXGroup;
			children = (
				AB3CE3C7151802A300D49806 /* raDial Timer.app */,
			);
			name = Products;
			sourceTree = "<group>";
		};
		AB3CE3CA151802A300D49806 /* Frameworks */ = {
			isa = PBXGroup;
			children = (
				AB3CE3EC1518098F00D49806 /* QuartzCore.framework */,
				AB3CE3CB151802A300D49806 /* UIKit.framework */,
				AB3CE3CD151802A300D49806 /* Foundation.framework */,
				AB3CE3CF151802A300D49806 /* CoreGraphics.framework */,
			);
			name = Frameworks;
			sourceTree = "<group>";
		};
		AB3CE3D1151802A300D49806 /* Timer */ = {
			isa = PBXGroup;
			children = (
				AB3CE3DA151802A300D49806 /* JHAppDelegate.h */,
				AB3CE3DB151802A300D49806 /* JHAppDelegate.m */,
				AB3CE3DD151802A300D49806 /* JHViewController.h */,
				AB3CE3DE151802A300D49806 /* JHViewController.m */,
				A9A3DEF4171D708B00F8B057 /* YGViewController.h */,
				A9A3DEF5171D708B00F8B057 /* YGViewController.m */,
				A9A3DEF6171D708B00F8B057 /* YGViewController.xib */,
				AB3CE3E81518061500D49806 /* JHRotaryWheel.h */,
				AB3CE3E91518061500D49806 /* JHRotaryWheel.m */,
				AB3CE3EB1518063900D49806 /* JHRotaryWheelProtocol.h */,
				AB3CE3E0151802A300D49806 /* JHViewController.xib */,
				AB3CE3D2151802A300D49806 /* Supporting Files */,
			);
			path = Timer;
			sourceTree = "<group>";
		};
		AB3CE3D2151802A300D49806 /* Supporting Files */ = {
			isa = PBXGroup;
			children = (
				AB3CE3D3151802A300D49806 /* raDial Timer-Info.plist */,
				AB3CE3D4151802A300D49806 /* InfoPlist.strings */,
				AB3CE3D7151802A300D49806 /* main.m */,
				AB3CE3D9151802A300D49806 /* raDial Timer-Prefix.pch */,
			);
			name = "Supporting Files";
			sourceTree = "<group>";
		};
		ABD826341533801B009733C7 /* Resources */ = {
			isa = PBXGroup;
			children = (
				AB47A5F1156D7FAD0073343F /* background.png */,
				AB47A5F2156D7FAD0073343F /* background@2x.png */,
				AB561A971569E72F00BA8CC3 /* Icon-72.png */,
				AB561A981569E72F00BA8CC3 /* Icon-Small-50.png */,
				AB561A991569E72F00BA8CC3 /* Icon-Small.png */,
				AB561A9A1569E72F00BA8CC3 /* Icon-Small@2x.png */,
				AB561A9B1569E72F00BA8CC3 /* Icon.png */,
				AB561A9C1569E72F00BA8CC3 /* Icon@2x.png */,
				AB9EEEF71569E33B00481D90 /* default@2x.png */,
				AB9EEEF41569E31700481D90 /* default.png */,
				AB00517F15588CEF001B57B6 /* wheelButton@2x.png */,
				AB00517C155886BC001B57B6 /* wheelButton.png */,
				AB0051811558B2C2001B57B6 /* wheel@2x.png */,
				ABD826361533803A009733C7 /* wheel.png */,
			);
			name = Resources;
			path = Timer;
			sourceTree = "<group>";
		};
/* End PBXGroup section */

/* Begin PBXNativeTarget section */
		AB3CE3C6151802A300D49806 /* raDial Timer */ = {
			isa = PBXNativeTarget;
			buildConfigurationList = AB3CE3E5151802A300D49806 /* Build configuration list for PBXNativeTarget "raDial Timer" */;
			buildPhases = (
				AB3CE3C3151802A300D49806 /* Sources */,
				AB3CE3C4151802A300D49806 /* Frameworks */,
				AB3CE3C5151802A300D49806 /* Resources */,
			);
			buildRules = (
			);
			dependencies = (
			);
			name = "raDial Timer";
			productName = Timer;
			productReference = AB3CE3C7151802A300D49806 /* raDial Timer.app */;
			productType = "com.apple.product-type.application";
		};
/* End PBXNativeTarget section */

/* Begin PBXProject section */
		AB3CE3BE151802A200D49806 /* Project object */ = {
			isa = PBXProject;
			attributes = {
				CLASSPREFIX = JH;
				LastUpgradeCheck = 0430;
				ORGANIZATIONNAME = SuaveApps;
			};
			buildConfigurationList = AB3CE3C1151802A200D49806 /* Build configuration list for PBXProject "raDial Timer" */;
			compatibilityVersion = "Xcode 3.2";
			developmentRegion = English;
			hasScannedForEncodings = 0;
			knownRegions = (
				en,
			);
			mainGroup = AB3CE3BC151802A200D49806;
			productRefGroup = AB3CE3C8151802A300D49806 /* Products */;
			projectDirPath = "";
			projectRoot = "";
			targets = (
				AB3CE3C6151802A300D49806 /* raDial Timer */,
			);
		};
/* End PBXProject section */

/* Begin PBXResourcesBuildPhase section */
		AB3CE3C5151802A300D49806 /* Resources */ = {
			isa = PBXResourcesBuildPhase;
			buildActionMask = 2147483647;
			files = (
				AB3CE3D6151802A300D49806 /* InfoPlist.strings in Resources */,
				AB3CE3E2151802A300D49806 /* JHViewController.xib in Resources */,
				ABD826371533803A009733C7 /* wheel.png in Resources */,
				AB00517D155886BC001B57B6 /* wheelButton.png in Resources */,
				AB00518015588CEF001B57B6 /* wheelButton@2x.png in Resources */,
				AB0051821558B2C2001B57B6 /* wheel@2x.png in Resources */,
				AB9EEEF51569E31700481D90 /* default.png in Resources */,
				AB9EEEF81569E33B00481D90 /* default@2x.png in Resources */,
				AB561A9D1569E72F00BA8CC3 /* Icon-72.png in Resources */,
				AB561A9E1569E72F00BA8CC3 /* Icon-Small-50.png in Resources */,
				AB561A9F1569E72F00BA8CC3 /* Icon-Small.png in Resources */,
				AB561AA01569E72F00BA8CC3 /* Icon-Small@2x.png in Resources */,
				AB561AA11569E72F00BA8CC3 /* Icon.png in Resources */,
				AB561AA21569E72F00BA8CC3 /* Icon@2x.png in Resources */,
				AB47A5F3156D7FAD0073343F /* background.png in Resources */,
				AB47A5F4156D7FAD0073343F /* background@2x.png in Resources */,
				A9A3DEF8171D708B00F8B057 /* YGViewController.xib in Resources */,
			);
			runOnlyForDeploymentPostprocessing = 0;
		};
/* End PBXResourcesBuildPhase section */

/* Begin PBXSourcesBuildPhase section */
		AB3CE3C3151802A300D49806 /* Sources */ = {
			isa = PBXSourcesBuildPhase;
			buildActionMask = 2147483647;
			files = (
				AB3CE3D8151802A300D49806 /* main.m in Sources */,
				AB3CE3DC151802A300D49806 /* JHAppDelegate.m in Sources */,
				AB3CE3DF151802A300D49806 /* JHViewController.m in Sources */,
				AB3CE3EA1518061500D49806 /* JHRotaryWheel.m in Sources */,
				A9A3DEF7171D708B00F8B057 /* YGViewController.m in Sources */,
			);
			runOnlyForDeploymentPostprocessing = 0;
		};
/* End PBXSourcesBuildPhase section */

/* Begin PBXVariantGroup section */
		AB3CE3D4151802A300D49806 /* InfoPlist.strings */ = {
			isa = PBXVariantGroup;
			children = (
				AB3CE3D5151802A300D49806 /* en */,
			);
			name = InfoPlist.strings;
			sourceTree = "<group>";
		};
		AB3CE3E0151802A300D49806 /* JHViewController.xib */ = {
			isa = PBXVariantGroup;
			children = (
				AB3CE3E1151802A300D49806 /* en */,
			);
			name = JHViewController.xib;
			sourceTree = "<group>";
		};
/* End PBXVariantGroup section */

/* Begin XCBuildConfiguration section */
		AB3CE3E3151802A300D49806 /* Debug */ = {
			isa = XCBuildConfiguration;
			buildSettings = {
				ALWAYS_SEARCH_USER_PATHS = NO;
				ARCHS = "$(ARCHS_STANDARD_32_BIT)";
				CLANG_ENABLE_OBJC_ARC = YES;
				"CODE_SIGN_IDENTITY[sdk=iphoneos*]" = "iPhone Developer";
				COPY_PHASE_STRIP = NO;
				GCC_C_LANGUAGE_STANDARD = gnu99;
				GCC_DYNAMIC_NO_PIC = NO;
				GCC_OPTIMIZATION_LEVEL = 0;
				GCC_PREPROCESSOR_DEFINITIONS = (
					"DEBUG=1",
					"$(inherited)",
				);
				GCC_SYMBOLS_PRIVATE_EXTERN = NO;
				GCC_VERSION = com.apple.compilers.llvm.clang.1_0;
				GCC_WARN_ABOUT_RETURN_TYPE = YES;
				GCC_WARN_UNINITIALIZED_AUTOS = YES;
				GCC_WARN_UNUSED_VARIABLE = YES;
				IPHONEOS_DEPLOYMENT_TARGET = 5.1;
				SDKROOT = iphoneos;
			};
			name = Debug;
		};
		AB3CE3E4151802A300D49806 /* Release */ = {
			isa = XCBuildConfiguration;
			buildSettings = {
				ALWAYS_SEARCH_USER_PATHS = NO;
				ARCHS = "$(ARCHS_STANDARD_32_BIT)";
				CLANG_ENABLE_OBJC_ARC = YES;
				"CODE_SIGN_IDENTITY[sdk=iphoneos*]" = "iPhone Developer";
				COPY_PHASE_STRIP = YES;
				GCC_C_LANGUAGE_STANDARD = gnu99;
				GCC_VERSION = com.apple.compilers.llvm.clang.1_0;
				GCC_WARN_ABOUT_RETURN_TYPE = YES;
				GCC_WARN_UNINITIALIZED_AUTOS = YES;
				GCC_WARN_UNUSED_VARIABLE = YES;
				IPHONEOS_DEPLOYMENT_TARGET = 5.1;
				OTHER_CFLAGS = "-DNS_BLOCK_ASSERTIONS=1";
				SDKROOT = iphoneos;
				VALIDATE_PRODUCT = YES;
			};
			name = Release;
		};
		AB3CE3E6151802A300D49806 /* Debug */ = {
			isa = XCBuildConfiguration;
			buildSettings = {
				"CODE_SIGN_IDENTITY[sdk=iphoneos*]" = "iPhone Developer: yaakov gamliel (T742JYN9NP)";
				GCC_PRECOMPILE_PREFIX_HEADER = YES;
				GCC_PREFIX_HEADER = "Timer/raDial Timer-Prefix.pch";
				INFOPLIST_FILE = "Timer/raDial Timer-Info.plist";
				IPHONEOS_DEPLOYMENT_TARGET = 6.1;
				PRODUCT_NAME = "raDial Timer";
				"PROVISIONING_PROFILE[sdk=iphoneos*]" = "F0D6EC7A-7467-49B4-836E-FA59CF73BA44";
				WRAPPER_EXTENSION = app;
			};
			name = Debug;
		};
		AB3CE3E7151802A300D49806 /* Release */ = {
			isa = XCBuildConfiguration;
			buildSettings = {
				GCC_PRECOMPILE_PREFIX_HEADER = YES;
				GCC_PREFIX_HEADER = "Timer/raDial Timer-Prefix.pch";
				INFOPLIST_FILE = "Timer/raDial Timer-Info.plist";
				IPHONEOS_DEPLOYMENT_TARGET = 6.1;
				PRODUCT_NAME = "raDial Timer";
				WRAPPER_EXTENSION = app;
			};
			name = Release;
		};
/* End XCBuildConfiguration section */

/* Begin XCConfigurationList section */
		AB3CE3C1151802A200D49806 /* Build configuration list for PBXProject "raDial Timer" */ = {
			isa = XCConfigurationList;
			buildConfigurations = (
				AB3CE3E3151802A300D49806 /* Debug */,
				AB3CE3E4151802A300D49806 /* Release */,
			);
			defaultConfigurationIsVisible = 0;
			defaultConfigurationName = Release;
		};
		AB3CE3E5151802A300D49806 /* Build configuration list for PBXNativeTarget "raDial Timer" */ = {
			isa = XCConfigurationList;
			buildConfigurations = (
				AB3CE3E6151802A300D49806 /* Debug */,
				AB3CE3E7151802A300D49806 /* Release */,
			);
			defaultConfigurationIsVisible = 0;
			defaultConfigurationName = Release;
		};
/* End XCConfigurationList section */
	};
	rootObject = AB3CE3BE151802A200D49806 /* Project object */;
}
